
Microsoft Visual Studio Solution File, Format Version 12.00
# Visual Studio 14
VisualStudioVersion = 14.0.25420.1
MinimumVisualStudioVersion = 10.0.40219.1
Project("{2150E333-8FDC-42A3-9474-1A3956D46DE8}") = "src", "src", "{4AB16DF2-C231-4DCC-9820-3AC1B79FAA2D}"
EndProject
Project("{2150E333-8FDC-42A3-9474-1A3956D46DE8}") = "Solution Items", "Solution Items", "{6F0DC342-5E79-4683-8AA1-7044735910CB}"
	ProjectSection(SolutionItems) = preProject
		global.json = global.json
	EndProjectSection
EndProject
Project("{8BB2217D-0F2D-49D1-97BC-3654ED321F3B}") = "Algorithms", "src\Algorithms\Algorithms.xproj", "{306D76DE-2198-4FD2-935A-E9C76EAAA203}"
EndProject
Global
	GlobalSection(SolutionConfigurationPlatforms) = preSolution
		Debug|Any CPU = Debug|Any CPU
		Release|Any CPU = Release|Any CPU
	EndGlobalSection
	GlobalSection(ProjectConfigurationPlatforms) = postSolution
		{306D76DE-2198-4FD2-935A-E9C76EAAA203}.Debug|Any CPU.ActiveCfg = Debug|Any CPU
		{306D76DE-2198-4FD2-935A-E9C76EAAA203}.Debug|Any CPU.Build.0 = Debug|Any CPU
		{306D76DE-2198-4FD2-935A-E9C76EAAA203}.Release|Any CPU.ActiveCfg = Release|Any CPU
		{306D76DE-2198-4FD2-935A-E9C76EAAA203}.Release|Any CPU.Build.0 = Release|Any CPU
	EndGlobalSection
	GlobalSection(SolutionProperties) = preSolution
		HideSolutionNode = FALSE
	EndGlobalSection
	GlobalSection(NestedProjects) = preSolution
		{306D76DE-2198-4FD2-935A-E9C76EAAA203} = {4AB16DF2-C231-4DCC-9820-3AC1B79FAA2D}
	EndGlobalSection
EndGlobal
